// !$*UTF8*$!
{
	archiveVersion = 1;
	classes = {
	};
	objectVersion = 55;
	objects = {

/* Begin PBXBuildFile section */
		10DF71AA275AEACB004D8BAA /* AppDelegate.swift in Sources */ = {isa = PBXBuildFile; fileRef = 10DF71A9275AEACB004D8BAA /* AppDelegate.swift */; };
		10DF71AC275AEACB004D8BAA /* SceneDelegate.swift in Sources */ = {isa = PBXBuildFile; fileRef = 10DF71AB275AEACB004D8BAA /* SceneDelegate.swift */; };
		10DF71AE275AEACB004D8BAA /* MainViewController.swift in Sources */ = {isa = PBXBuildFile; fileRef = 10DF71AD275AEACB004D8BAA /* MainViewController.swift */; };
		10DF71B1275AEACB004D8BAA /* Main.storyboard in Resources */ = {isa = PBXBuildFile; fileRef = 10DF71AF275AEACB004D8BAA /* Main.storyboard */; };
		10DF71B3275AEAD1004D8BAA /* Assets.xcassets in Resources */ = {isa = PBXBuildFile; fileRef = 10DF71B2275AEAD1004D8BAA /* Assets.xcassets */; };
		10DF71B6275AEAD1004D8BAA /* LaunchScreen.storyboard in Resources */ = {isa = PBXBuildFile; fileRef = 10DF71B4275AEAD1004D8BAA /* LaunchScreen.storyboard */; };
		10DF71BF275AEE23004D8BAA /* DataFetcher.swift in Sources */ = {isa = PBXBuildFile; fileRef = 10DF71BE275AEE23004D8BAA /* DataFetcher.swift */; };
		10DF71C2275AF9F3004D8BAA /* Report.swift in Sources */ = {isa = PBXBuildFile; fileRef = 10DF71C1275AF9F3004D8BAA /* Report.swift */; };
		10DF71C6275B13D7004D8BAA /* Conditions.swift in Sources */ = {isa = PBXBuildFile; fileRef = 10DF71C5275B13D7004D8BAA /* Conditions.swift */; };
		10DF71C8275B1411004D8BAA /* Forecast.swift in Sources */ = {isa = PBXBuildFile; fileRef = 10DF71C7275B1411004D8BAA /* Forecast.swift */; };
		10DF71D0275C7C35004D8BAA /* DetailView.swift in Sources */ = {isa = PBXBuildFile; fileRef = 10DF71CF275C7C35004D8BAA /* DetailView.swift */; };
		10DF71D22761C869004D8BAA /* MapView.swift in Sources */ = {isa = PBXBuildFile; fileRef = 10DF71D12761C869004D8BAA /* MapView.swift */; };
/* End PBXBuildFile section */

/* Begin PBXFileReference section */
		10DF71A6275AEACB004D8BAA /* ForeFlightWeather.app */ = {isa = PBXFileReference; explicitFileType = wrapper.application; includeInIndex = 0; path = ForeFlightWeather.app; sourceTree = BUILT_PRODUCTS_DIR; };
		10DF71A9275AEACB004D8BAA /* AppDelegate.swift */ = {isa = PBXFileReference; lastKnownFileType = sourcecode.swift; path = AppDelegate.swift; sourceTree = "<group>"; };
		10DF71AB275AEACB004D8BAA /* SceneDelegate.swift */ = {isa = PBXFileReference; lastKnownFileType = sourcecode.swift; path = SceneDelegate.swift; sourceTree = "<group>"; };
		10DF71AD275AEACB004D8BAA /* MainViewController.swift */ = {isa = PBXFileReference; lastKnownFileType = sourcecode.swift; path = MainViewController.swift; sourceTree = "<group>"; };
		10DF71B0275AEACB004D8BAA /* Base */ = {isa = PBXFileReference; lastKnownFileType = file.storyboard; name = Base; path = Base.lproj/Main.storyboard; sourceTree = "<group>"; };
		10DF71B2275AEAD1004D8BAA /* Assets.xcassets */ = {isa = PBXFileReference; lastKnownFileType = folder.assetcatalog; path = Assets.xcassets; sourceTree = "<group>"; };
		10DF71B5275AEAD1004D8BAA /* Base */ = {isa = PBXFileReference; lastKnownFileType = file.storyboard; name = Base; path = Base.lproj/LaunchScreen.storyboard; sourceTree = "<group>"; };
		10DF71B7275AEAD1004D8BAA /* Info.plist */ = {isa = PBXFileReference; lastKnownFileType = text.plist.xml; path = Info.plist; sourceTree = "<group>"; };
		10DF71BE275AEE23004D8BAA /* DataFetcher.swift */ = {isa = PBXFileReference; lastKnownFileType = sourcecode.swift; path = DataFetcher.swift; sourceTree = "<group>"; };
		10DF71C1275AF9F3004D8BAA /* Report.swift */ = {isa = PBXFileReference; lastKnownFileType = sourcecode.swift; path = Report.swift; sourceTree = "<group>"; };
		10DF71C5275B13D7004D8BAA /* Conditions.swift */ = {isa = PBXFileReference; lastKnownFileType = sourcecode.swift; path = Conditions.swift; sourceTree = "<group>"; };
		10DF71C7275B1411004D8BAA /* Forecast.swift */ = {isa = PBXFileReference; lastKnownFileType = sourcecode.swift; path = Forecast.swift; sourceTree = "<group>"; };
		10DF71CF275C7C35004D8BAA /* DetailView.swift */ = {isa = PBXFileReference; lastKnownFileType = sourcecode.swift; path = DetailView.swift; sourceTree = "<group>"; };
		10DF71D12761C869004D8BAA /* MapView.swift */ = {isa = PBXFileReference; lastKnownFileType = sourcecode.swift; path = MapView.swift; sourceTree = "<group>"; };
/* End PBXFileReference section */

/* Begin PBXFrameworksBuildPhase section */
		10DF71A3275AEACB004D8BAA /* Frameworks */ = {
			isa = PBXFrameworksBuildPhase;
			buildActionMask = 2147483647;
			files = (
			);
			runOnlyForDeploymentPostprocessing = 0;
		};
/* End PBXFrameworksBuildPhase section */

/* Begin PBXGroup section */
		10DF719D275AEACB004D8BAA = {
			isa = PBXGroup;
			children = (
				10DF71A8275AEACB004D8BAA /* ForeFlightWeather */,
				10DF71A7275AEACB004D8BAA /* Products */,
			);
			sourceTree = "<group>";
		};
		10DF71A7275AEACB004D8BAA /* Products */ = {
			isa = PBXGroup;
			children = (
				10DF71A6275AEACB004D8BAA /* ForeFlightWeather.app */,
			);
			name = Products;
			sourceTree = "<group>";
		};
		10DF71A8275AEACB004D8BAA /* ForeFlightWeather */ = {
			isa = PBXGroup;
			children = (
				10DF71CD275B147A004D8BAA /* App */,
				10DF71CC275B146F004D8BAA /* ViewControllers */,
				10DF71CB275B1469004D8BAA /* Views */,
				10DF71C0275AF9E2004D8BAA /* Models */,
				10DF71BD275AEE16004D8BAA /* Utils */,
				10DF71B2275AEAD1004D8BAA /* Assets.xcassets */,
			);
			path = ForeFlightWeather;
			sourceTree = "<group>";
		};
		10DF71BD275AEE16004D8BAA /* Utils */ = {
			isa = PBXGroup;
			children = (
				10DF71BE275AEE23004D8BAA /* DataFetcher.swift */,
			);
			path = Utils;
			sourceTree = "<group>";
		};
		10DF71C0275AF9E2004D8BAA /* Models */ = {
			isa = PBXGroup;
			children = (
				10DF71C1275AF9F3004D8BAA /* Report.swift */,
				10DF71C5275B13D7004D8BAA /* Conditions.swift */,
				10DF71C7275B1411004D8BAA /* Forecast.swift */,
			);
			path = Models;
			sourceTree = "<group>";
		};
		10DF71CB275B1469004D8BAA /* Views */ = {
			isa = PBXGroup;
			children = (
				10DF71CE275C7C25004D8BAA /* SwiftUI */,
				10DF71AF275AEACB004D8BAA /* Main.storyboard */,
				10DF71B4275AEAD1004D8BAA /* LaunchScreen.storyboard */,
			);
			path = Views;
			sourceTree = "<group>";
		};
		10DF71CC275B146F004D8BAA /* ViewControllers */ = {
			isa = PBXGroup;
			children = (
				10DF71AD275AEACB004D8BAA /* MainViewController.swift */,
			);
			path = ViewControllers;
			sourceTree = "<group>";
		};
		10DF71CD275B147A004D8BAA /* App */ = {
			isa = PBXGroup;
			children = (
				10DF71A9275AEACB004D8BAA /* AppDelegate.swift */,
				10DF71AB275AEACB004D8BAA /* SceneDelegate.swift */,
				10DF71B7275AEAD1004D8BAA /* Info.plist */,
			);
			path = App;
			sourceTree = "<group>";
		};
		10DF71CE275C7C25004D8BAA /* SwiftUI */ = {
			isa = PBXGroup;
			children = (
				10DF71CF275C7C35004D8BAA /* DetailView.swift */,
				10DF71D12761C869004D8BAA /* MapView.swift */,
			);
			path = SwiftUI;
			sourceTree = "<group>";
		};
/* End PBXGroup section */

/* Begin PBXNativeTarget section */
		10DF71A5275AEACB004D8BAA /* ForeFlightWeather */ = {
			isa = PBXNativeTarget;
			buildConfigurationList = 10DF71BA275AEAD1004D8BAA /* Build configuration list for PBXNativeTarget "ForeFlightWeather" */;
			buildPhases = (
				10DF71A2275AEACB004D8BAA /* Sources */,
				10DF71A3275AEACB004D8BAA /* Frameworks */,
				10DF71A4275AEACB004D8BAA /* Resources */,
			);
			buildRules = (
			);
			dependencies = (
			);
			name = ForeFlightWeather;
			productName = ForeFlightWeather;
			productReference = 10DF71A6275AEACB004D8BAA /* ForeFlightWeather.app */;
			productType = "com.apple.product-type.application";
		};
/* End PBXNativeTarget section */

/* Begin PBXProject section */
		10DF719E275AEACB004D8BAA /* Project object */ = {
			isa = PBXProject;
			attributes = {
				BuildIndependentTargetsInParallel = 1;
				LastSwiftUpdateCheck = 1310;
				LastUpgradeCheck = 1310;
				TargetAttributes = {
					10DF71A5275AEACB004D8BAA = {
						CreatedOnToolsVersion = 13.1;
					};
				};
			};
			buildConfigurationList = 10DF71A1275AEACB004D8BAA /* Build configuration list for PBXProject "ForeFlightWeather" */;
			compatibilityVersion = "Xcode 13.0";
			developmentRegion = en;
			hasScannedForEncodings = 0;
			knownRegions = (
				en,
				Base,
			);
			mainGroup = 10DF719D275AEACB004D8BAA;
			productRefGroup = 10DF71A7275AEACB004D8BAA /* Products */;
			projectDirPath = "";
			projectRoot = "";
			targets = (
				10DF71A5275AEACB004D8BAA /* ForeFlightWeather */,
			);
		};
/* End PBXProject section */

/* Begin PBXResourcesBuildPhase section */
		10DF71A4275AEACB004D8BAA /* Resources */ = {
			isa = PBXResourcesBuildPhase;
			buildActionMask = 2147483647;
			files = (
				10DF71B6275AEAD1004D8BAA /* LaunchScreen.storyboard in Resources */,
				10DF71B3275AEAD1004D8BAA /* Assets.xcassets in Resources */,
				10DF71B1275AEACB004D8BAA /* Main.storyboard in Resources */,
			);
			runOnlyForDeploymentPostprocessing = 0;
		};
/* End PBXResourcesBuildPhase section */

/* Begin PBXSourcesBuildPhase section */
		10DF71A2275AEACB004D8BAA /* Sources */ = {
			isa = PBXSourcesBuildPhase;
			buildActionMask = 2147483647;
			files = (
				10DF71AE275AEACB004D8BAA /* MainViewController.swift in Sources */,
				10DF71D0275C7C35004D8BAA /* DetailView.swift in Sources */,
				10DF71C2275AF9F3004D8BAA /* Report.swift in Sources */,
				10DF71C8275B1411004D8BAA /* Forecast.swift in Sources */,
				10DF71AA275AEACB004D8BAA /* AppDelegate.swift in Sources */,
				10DF71AC275AEACB004D8BAA /* SceneDelegate.swift in Sources */,
				10DF71BF275AEE23004D8BAA /* DataFetcher.swift in Sources */,
				10DF71D22761C869004D8BAA /* MapView.swift in Sources */,
				10DF71C6275B13D7004D8BAA /* Conditions.swift in Sources */,
			);
			runOnlyForDeploymentPostprocessing = 0;
		};
/* End PBXSourcesBuildPhase section */

/* Begin PBXVariantGroup section */
		10DF71AF275AEACB004D8BAA /* Main.storyboard */ = {
			isa = PBXVariantGroup;
			children = (
				10DF71B0275AEACB004D8BAA /* Base */,
			);
			name = Main.storyboard;
			sourceTree = "<group>";
		};
		10DF71B4275AEAD1004D8BAA /* LaunchScreen.storyboard */ = {
			isa = PBXVariantGroup;
			children = (
				10DF71B5275AEAD1004D8BAA /* Base */,
			);
			name = LaunchScreen.storyboard;
			sourceTree = "<group>";
		};
/* End PBXVariantGroup section */

/* Begin XCBuildConfiguration section */
		10DF71B8275AEAD1004D8BAA /* Debug */ = {
			isa = XCBuildConfiguration;
			buildSettings = {
				ALWAYS_SEARCH_USER_PATHS = NO;
				CLANG_ANALYZER_NONNULL = YES;
				CLANG_ANALYZER_NUMBER_OBJECT_CONVERSION = YES_AGGRESSIVE;
				CLANG_CXX_LANGUAGE_STANDARD = "gnu++17";
				CLANG_CXX_LIBRARY = "libc++";
				CLANG_ENABLE_MODULES = YES;
				CLANG_ENABLE_OBJC_ARC = YES;
				CLANG_ENABLE_OBJC_WEAK = YES;
				CLANG_WARN_BLOCK_CAPTURE_AUTORELEASING = YES;
				CLANG_WARN_BOOL_CONVERSION = YES;
				CLANG_WARN_COMMA = YES;
				CLANG_WARN_CONSTANT_CONVERSION = YES;
				CLANG_WARN_DEPRECATED_OBJC_IMPLEMENTATIONS = YES;
				CLANG_WARN_DIRECT_OBJC_ISA_USAGE = YES_ERROR;
				CLANG_WARN_DOCUMENTATION_COMMENTS = YES;
				CLANG_WARN_EMPTY_BODY = YES;
				CLANG_WARN_ENUM_CONVERSION = YES;
				CLANG_WARN_INFINITE_RECURSION = YES;
				CLANG_WARN_INT_CONVERSION = YES;
				CLANG_WARN_NON_LITERAL_NULL_CONVERSION = YES;
				CLANG_WARN_OBJC_IMPLICIT_RETAIN_SELF = YES;
				CLANG_WARN_OBJC_LITERAL_CONVERSION = YES;
				CLANG_WARN_OBJC_ROOT_CLASS = YES_ERROR;
				CLANG_WARN_QUOTED_INCLUDE_IN_FRAMEWORK_HEADER = YES;
				CLANG_WARN_RANGE_LOOP_ANALYSIS = YES;
				CLANG_WARN_STRICT_PROTOTYPES = YES;
				CLANG_WARN_SUSPICIOUS_MOVE = YES;
				CLANG_WARN_UNGUARDED_AVAILABILITY = YES_AGGRESSIVE;
				CLANG_WARN_UNREACHABLE_CODE = YES;
				CLANG_WARN__DUPLICATE_METHOD_MATCH = YES;
				COPY_PHASE_STRIP = NO;
				DEBUG_INFORMATION_FORMAT = dwarf;
				ENABLE_STRICT_OBJC_MSGSEND = YES;
				ENABLE_TESTABILITY = YES;
				GCC_C_LANGUAGE_STANDARD = gnu11;
				GCC_DYNAMIC_NO_PIC = NO;
				GCC_NO_COMMON_BLOCKS = YES;
				GCC_OPTIMIZATION_LEVEL = 0;
				GCC_PREPROCESSOR_DEFINITIONS = (
					"DEBUG=1",
					"$(inherited)",
				);
				GCC_WARN_64_TO_32_BIT_CONVERSION = YES;
				GCC_WARN_ABOUT_RETURN_TYPE = YES_ERROR;
				GCC_WARN_UNDECLARED_SELECTOR = YES;
				GCC_WARN_UNINITIALIZED_AUTOS = YES_AGGRESSIVE;
				GCC_WARN_UNUSED_FUNCTION = YES;
				GCC_WARN_UNUSED_VARIABLE = YES;
				IPHONEOS_DEPLOYMENT_TARGET = 15.0;
				MTL_ENABLE_DEBUG_INFO = INCLUDE_SOURCE;
				MTL_FAST_MATH = YES;
				ONLY_ACTIVE_ARCH = YES;
				SDKROOT = iphoneos;
				SWIFT_ACTIVE_COMPILATION_CONDITIONS = DEBUG;
				SWIFT_OPTIMIZATION_LEVEL = "-Onone";
			};
			name = Debug;
		};
		10DF71B9275AEAD1004D8BAA /* Release */ = {
			isa = XCBuildConfiguration;
			buildSettings = {
				ALWAYS_SEARCH_USER_PATHS = NO;
				CLANG_ANALYZER_NONNULL = YES;
				CLANG_ANALYZER_NUMBER_OBJECT_CONVERSION = YES_AGGRESSIVE;
				CLANG_CXX_LANGUAGE_STANDARD = "gnu++17";
				CLANG_CXX_LIBRARY = "libc++";
				CLANG_ENABLE_MODULES = YES;
				CLANG_ENABLE_OBJC_ARC = YES;
				CLANG_ENABLE_OBJC_WEAK = YES;
				CLANG_WARN_BLOCK_CAPTURE_AUTORELEASING = YES;
				CLANG_WARN_BOOL_CONVERSION = YES;
				CLANG_WARN_COMMA = YES;
				CLANG_WARN_CONSTANT_CONVERSION = YES;
				CLANG_WARN_DEPRECATED_OBJC_IMPLEMENTATIONS = YES;
				CLANG_WARN_DIRECT_OBJC_ISA_USAGE = YES_ERROR;
				CLANG_WARN_DOCUMENTATION_COMMENTS = YES;
				CLANG_WARN_EMPTY_BODY = YES;
				CLANG_WARN_ENUM_CONVERSION = YES;
				CLANG_WARN_INFINITE_RECURSION = YES;
				CLANG_WARN_INT_CONVERSION = YES;
				CLANG_WARN_NON_LITERAL_NULL_CONVERSION = YES;
				CLANG_WARN_OBJC_IMPLICIT_RETAIN_SELF = YES;
				CLANG_WARN_OBJC_LITERAL_CONVERSION = YES;
				CLANG_WARN_OBJC_ROOT_CLASS = YES_ERROR;
				CLANG_WARN_QUOTED_INCLUDE_IN_FRAMEWORK_HEADER = YES;
				CLANG_WARN_RANGE_LOOP_ANALYSIS = YES;
				CLANG_WARN_STRICT_PROTOTYPES = YES;
				CLANG_WARN_SUSPICIOUS_MOVE = YES;
				CLANG_WARN_UNGUARDED_AVAILABILITY = YES_AGGRESSIVE;
				CLANG_WARN_UNREACHABLE_CODE = YES;
				CLANG_WARN__DUPLICATE_METHOD_MATCH = YES;
				COPY_PHASE_STRIP = NO;
				DEBUG_INFORMATION_FORMAT = "dwarf-with-dsym";
				ENABLE_NS_ASSERTIONS = NO;
				ENABLE_STRICT_OBJC_MSGSEND = YES;
				GCC_C_LANGUAGE_STANDARD = gnu11;
				GCC_NO_COMMON_BLOCKS = YES;
				GCC_WARN_64_TO_32_BIT_CONVERSION = YES;
				GCC_WARN_ABOUT_RETURN_TYPE = YES_ERROR;
				GCC_WARN_UNDECLARED_SELECTOR = YES;
				GCC_WARN_UNINITIALIZED_AUTOS = YES_AGGRESSIVE;
				GCC_WARN_UNUSED_FUNCTION = YES;
				GCC_WARN_UNUSED_VARIABLE = YES;
				IPHONEOS_DEPLOYMENT_TARGET = 15.0;
				MTL_ENABLE_DEBUG_INFO = NO;
				MTL_FAST_MATH = YES;
				SDKROOT = iphoneos;
				SWIFT_COMPILATION_MODE = wholemodule;
				SWIFT_OPTIMIZATION_LEVEL = "-O";
				VALIDATE_PRODUCT = YES;
			};
			name = Release;
		};
		10DF71BB275AEAD1004D8BAA /* Debug */ = {
			isa = XCBuildConfiguration;
			buildSettings = {
				ASSETCATALOG_COMPILER_APPICON_NAME = AppIcon;
				ASSETCATALOG_COMPILER_GLOBAL_ACCENT_COLOR_NAME = AccentColor;
				CODE_SIGN_STYLE = Automatic;
				CURRENT_PROJECT_VERSION = 1;
				DEVELOPMENT_TEAM = 9RFXDU636V;
				GENERATE_INFOPLIST_FILE = YES;
				INFOPLIST_FILE = ForeFlightWeather/App/Info.plist;
				INFOPLIST_KEY_UIApplicationSupportsIndirectInputEvents = YES;
				INFOPLIST_KEY_UILaunchStoryboardName = LaunchScreen;
				INFOPLIST_KEY_UIMainStoryboardFile = Main;
				INFOPLIST_KEY_UISupportedInterfaceOrientations_iPad = "UIInterfaceOrientationPortrait UIInterfaceOrientationPortraitUpsideDown UIInterfaceOrientationLandscapeLeft UIInterfaceOrientationLandscapeRight";
				INFOPLIST_KEY_UISupportedInterfaceOrientations_iPhone = "UIInterfaceOrientationPortrait UIInterfaceOrientationLandscapeLeft UIInterfaceOrientationLandscapeRight";
				LD_RUNPATH_SEARCH_PATHS = (
					"$(inherited)",
					"@executable_path/Frameworks",
				);
				MARKETING_VERSION = 1.0;
				PRODUCT_BUNDLE_IDENTIFIER = adamroney.ForeFlightWeather;
				PRODUCT_NAME = "$(TARGET_NAME)";
				SWIFT_EMIT_LOC_STRINGS = YES;
				SWIFT_VERSION = 5.0;
				TARGETED_DEVICE_FAMILY = "1,2";
			};
			name = Debug;
		};
		10DF71BC275AEAD1004D8BAA /* Release */ = {
			isa = XCBuildConfiguration;
			buildSettings = {
				ASSETCATALOG_COMPILER_APPICON_NAME = AppIcon;
				ASSETCATALOG_COMPILER_GLOBAL_ACCENT_COLOR_NAME = AccentColor;
				CODE_SIGN_STYLE = Automatic;
				CURRENT_PROJECT_VERSION = 1;
				DEVELOPMENT_TEAM = 9RFXDU636V;
				GENERATE_INFOPLIST_FILE = YES;
				INFOPLIST_FILE = ForeFlightWeather/App/Info.plist;
				INFOPLIST_KEY_UIApplicationSupportsIndirectInputEvents = YES;
				INFOPLIST_KEY_UILaunchStoryboardName = LaunchScreen;
				INFOPLIST_KEY_UIMainStoryboardFile = Main;
				INFOPLIST_KEY_UISupportedInterfaceOrientations_iPad = "UIInterfaceOrientationPortrait UIInterfaceOrientationPortraitUpsideDown UIInterfaceOrientationLandscapeLeft UIInterfaceOrientationLandscapeRight";
				INFOPLIST_KEY_UISupportedInterfaceOrientations_iPhone = "UIInterfaceOrientationPortrait UIInterfaceOrientationLandscapeLeft UIInterfaceOrientationLandscapeRight";
				LD_RUNPATH_SEARCH_PATHS = (
					"$(inherited)",
					"@executable_path/Frameworks",
				);
				MARKETING_VERSION = 1.0;
				PRODUCT_BUNDLE_IDENTIFIER = adamroney.ForeFlightWeather;
				PRODUCT_NAME = "$(TARGET_NAME)";
				SWIFT_EMIT_LOC_STRINGS = YES;
				SWIFT_VERSION = 5.0;
				TARGETED_DEVICE_FAMILY = "1,2";
			};
			name = Release;
		};
/* End XCBuildConfiguration section */

/* Begin XCConfigurationList section */
		10DF71A1275AEACB004D8BAA /* Build configuration list for PBXProject "ForeFlightWeather" */ = {
			isa = XCConfigurationList;
			buildConfigurations = (
				10DF71B8275AEAD1004D8BAA /* Debug */,
				10DF71B9275AEAD1004D8BAA /* Release */,
			);
			defaultConfigurationIsVisible = 0;
			defaultConfigurationName = Release;
		};
		10DF71BA275AEAD1004D8BAA /* Build configuration list for PBXNativeTarget "ForeFlightWeather" */ = {
			isa = XCConfigurationList;
			buildConfigurations = (
				10DF71BB275AEAD1004D8BAA /* Debug */,
				10DF71BC275AEAD1004D8BAA /* Release */,
			);
			defaultConfigurationIsVisible = 0;
			defaultConfigurationName = Release;
		};
/* End XCConfigurationList section */
	};
	rootObject = 10DF719E275AEACB004D8BAA /* Project object */;
}
